
Microsoft Visual Studio Solution File, Format Version 12.00
# Visual Studio Version 17
VisualStudioVersion = 17.9.34723.18
MinimumVisualStudioVersion = 10.0.40219.1
Project("{FAE04EC0-301F-11D3-BF4B-00C04F79EFBC}") = "BL", "BL\BL.csproj", "{19C536B0-7114-4018-B31D-856ED4AA64A1}"
EndProject
Project("{FAE04EC0-301F-11D3-BF4B-00C04F79EFBC}") = "DL", "DL\DL.csproj", "{8E982F26-42DC-4466-B492-1B974A09EDD7}"
EndProject
Project("{FAE04EC0-301F-11D3-BF4B-00C04F79EFBC}") = "ML", "ML\ML.csproj", "{22E63741-7F7F-46D4-94A2-6DE92CA76A33}"
EndProject
Project("{FAE04EC0-301F-11D3-BF4B-00C04F79EFBC}") = "ConsoleApp1", "ConsoleApp1\ConsoleApp1.csproj", "{56587F5E-B432-4194-A162-EC0CD47F7455}"
EndProject
Project("{FAE04EC0-301F-11D3-BF4B-00C04F79EFBC}") = "PL", "PL\PL.csproj", "{635EFA38-45AF-467D-8A8A-B56F7B194C5D}"
EndProject
Global
	GlobalSection(SolutionConfigurationPlatforms) = preSolution
		Debug|Any CPU = Debug|Any CPU
		Release|Any CPU = Release|Any CPU
	EndGlobalSection
	GlobalSection(ProjectConfigurationPlatforms) = postSolution
		{19C536B0-7114-4018-B31D-856ED4AA64A1}.Debug|Any CPU.ActiveCfg = Debug|Any CPU
		{19C536B0-7114-4018-B31D-856ED4AA64A1}.Debug|Any CPU.Build.0 = Debug|Any CPU
		{19C536B0-7114-4018-B31D-856ED4AA64A1}.Release|Any CPU.ActiveCfg = Release|Any CPU
		{19C536B0-7114-4018-B31D-856ED4AA64A1}.Release|Any CPU.Build.0 = Release|Any CPU
		{8E982F26-42DC-4466-B492-1B974A09EDD7}.Debug|Any CPU.ActiveCfg = Debug|Any CPU
		{8E982F26-42DC-4466-B492-1B974A09EDD7}.Debug|Any CPU.Build.0 = Debug|Any CPU
		{8E982F26-42DC-4466-B492-1B974A09EDD7}.Release|Any CPU.ActiveCfg = Release|Any CPU
		{8E982F26-42DC-4466-B492-1B974A09EDD7}.Release|Any CPU.Build.0 = Release|Any CPU
		{22E63741-7F7F-46D4-94A2-6DE92CA76A33}.Debug|Any CPU.ActiveCfg = Debug|Any CPU
		{22E63741-7F7F-46D4-94A2-6DE92CA76A33}.Debug|Any CPU.Build.0 = Debug|Any CPU
		{22E63741-7F7F-46D4-94A2-6DE92CA76A33}.Release|Any CPU.ActiveCfg = Release|Any CPU
		{22E63741-7F7F-46D4-94A2-6DE92CA76A33}.Release|Any CPU.Build.0 = Release|Any CPU
		{56587F5E-B432-4194-A162-EC0CD47F7455}.Debug|Any CPU.ActiveCfg = Debug|Any CPU
		{56587F5E-B432-4194-A162-EC0CD47F7455}.Debug|Any CPU.Build.0 = Debug|Any CPU
		{56587F5E-B432-4194-A162-EC0CD47F7455}.Release|Any CPU.ActiveCfg = Release|Any CPU
		{56587F5E-B432-4194-A162-EC0CD47F7455}.Release|Any CPU.Build.0 = Release|Any CPU
		{635EFA38-45AF-467D-8A8A-B56F7B194C5D}.Debug|Any CPU.ActiveCfg = Debug|Any CPU
		{635EFA38-45AF-467D-8A8A-B56F7B194C5D}.Debug|Any CPU.Build.0 = Debug|Any CPU
		{635EFA38-45AF-467D-8A8A-B56F7B194C5D}.Release|Any CPU.ActiveCfg = Release|Any CPU
		{635EFA38-45AF-467D-8A8A-B56F7B194C5D}.Release|Any CPU.Build.0 = Release|Any CPU
	EndGlobalSection
	GlobalSection(SolutionProperties) = preSolution
		HideSolutionNode = FALSE
	EndGlobalSection
	GlobalSection(ExtensibilityGlobals) = postSolution
		SolutionGuid = {E9BAD8A2-362C-4DF1-8F9C-6AE869C848CC}
	EndGlobalSection
EndGlobal
